
Microsoft Visual Studio Solution File, Format Version 12.00
# Visual Studio Version 17
VisualStudioVersion = 17.0.31903.59
MinimumVisualStudioVersion = 10.0.40219.1
Project("{2150E333-8FDC-42A3-9474-1A3956D46DE8}") = "src", "src", "{827E0CD3-B72D-47B6-A68D-7590B98EB39B}"
EndProject
Project("{2150E333-8FDC-42A3-9474-1A3956D46DE8}") = "packages", "packages", "{D4E5F6A7-B8C9-0123-DEF0-123456789ABC}"
EndProject
Project("{FAE04EC0-301F-11D3-BF4B-00C04F79EFBC}") = "HappyHeadlines.Monitoring", "../../packages/HappyHeadlines.Monitoring/src/HappyHeadlines.Monitoring.csproj", "{E5F6A7B8-C9D0-1234-EF01-23456789ABCD}"
EndProject
Project("{FAE04EC0-301F-11D3-BF4B-00C04F79EFBC}") = "Profanity.Api", "src\Profanity.Api\Profanity.Api.csproj", "{791E13E4-1F51-4402-A23F-C2ADD42E9751}"
EndProject
Project("{FAE04EC0-301F-11D3-BF4B-00C04F79EFBC}") = "Profanity.Services", "src\Profanity.Services\Profanity.Services.csproj", "{2CE8B91C-E6B3-4803-976B-E52A2F175327}"
EndProject
Project("{FAE04EC0-301F-11D3-BF4B-00C04F79EFBC}") = "Profanity.Data", "src\Profanity.Data\Profanity.Data.csproj", "{F3998F25-26E3-4D2A-B5F0-12642ADAB827}"
EndProject
Project("{FAE04EC0-301F-11D3-BF4B-00C04F79EFBC}") = "Domain", "src\Domain\Domain.csproj", "{A58FDDE6-8591-4456-B673-C5F4C701DCF9}"
EndProject
Project("{FAE04EC0-301F-11D3-BF4B-00C04F79EFBC}") = "Options", "src\Options\Options.csproj", "{49B1EA2F-A574-44A6-8739-5690789AE076}"
EndProject
Global
	GlobalSection(SolutionConfigurationPlatforms) = preSolution
		Debug|Any CPU = Debug|Any CPU
		Debug|x64 = Debug|x64
		Debug|x86 = Debug|x86
		Release|Any CPU = Release|Any CPU
		Release|x64 = Release|x64
		Release|x86 = Release|x86
	EndGlobalSection
	GlobalSection(ProjectConfigurationPlatforms) = postSolution
		{791E13E4-1F51-4402-A23F-C2ADD42E9751}.Debug|Any CPU.ActiveCfg = Debug|Any CPU
		{791E13E4-1F51-4402-A23F-C2ADD42E9751}.Debug|Any CPU.Build.0 = Debug|Any CPU
		{791E13E4-1F51-4402-A23F-C2ADD42E9751}.Debug|x64.ActiveCfg = Debug|Any CPU
		{791E13E4-1F51-4402-A23F-C2ADD42E9751}.Debug|x64.Build.0 = Debug|Any CPU
		{791E13E4-1F51-4402-A23F-C2ADD42E9751}.Debug|x86.ActiveCfg = Debug|Any CPU
		{791E13E4-1F51-4402-A23F-C2ADD42E9751}.Debug|x86.Build.0 = Debug|Any CPU
		{791E13E4-1F51-4402-A23F-C2ADD42E9751}.Release|Any CPU.ActiveCfg = Release|Any CPU
		{791E13E4-1F51-4402-A23F-C2ADD42E9751}.Release|Any CPU.Build.0 = Release|Any CPU
		{791E13E4-1F51-4402-A23F-C2ADD42E9751}.Release|x64.ActiveCfg = Release|Any CPU
		{791E13E4-1F51-4402-A23F-C2ADD42E9751}.Release|x64.Build.0 = Release|Any CPU
		{791E13E4-1F51-4402-A23F-C2ADD42E9751}.Release|x86.ActiveCfg = Release|Any CPU
		{791E13E4-1F51-4402-A23F-C2ADD42E9751}.Release|x86.Build.0 = Release|Any CPU
		{2CE8B91C-E6B3-4803-976B-E52A2F175327}.Debug|Any CPU.ActiveCfg = Debug|Any CPU
		{2CE8B91C-E6B3-4803-976B-E52A2F175327}.Debug|Any CPU.Build.0 = Debug|Any CPU
		{2CE8B91C-E6B3-4803-976B-E52A2F175327}.Debug|x64.ActiveCfg = Debug|Any CPU
		{2CE8B91C-E6B3-4803-976B-E52A2F175327}.Debug|x64.Build.0 = Debug|Any CPU
		{2CE8B91C-E6B3-4803-976B-E52A2F175327}.Debug|x86.ActiveCfg = Debug|Any CPU
		{2CE8B91C-E6B3-4803-976B-E52A2F175327}.Debug|x86.Build.0 = Debug|Any CPU
		{2CE8B91C-E6B3-4803-976B-E52A2F175327}.Release|Any CPU.ActiveCfg = Release|Any CPU
		{2CE8B91C-E6B3-4803-976B-E52A2F175327}.Release|Any CPU.Build.0 = Release|Any CPU
		{2CE8B91C-E6B3-4803-976B-E52A2F175327}.Release|x64.ActiveCfg = Release|Any CPU
		{2CE8B91C-E6B3-4803-976B-E52A2F175327}.Release|x64.Build.0 = Release|Any CPU
		{2CE8B91C-E6B3-4803-976B-E52A2F175327}.Release|x86.ActiveCfg = Release|Any CPU
		{2CE8B91C-E6B3-4803-976B-E52A2F175327}.Release|x86.Build.0 = Release|Any CPU
		{F3998F25-26E3-4D2A-B5F0-12642ADAB827}.Debug|Any CPU.ActiveCfg = Debug|Any CPU
		{F3998F25-26E3-4D2A-B5F0-12642ADAB827}.Debug|Any CPU.Build.0 = Debug|Any CPU
		{F3998F25-26E3-4D2A-B5F0-12642ADAB827}.Debug|x64.ActiveCfg = Debug|Any CPU
		{F3998F25-26E3-4D2A-B5F0-12642ADAB827}.Debug|x64.Build.0 = Debug|Any CPU
		{F3998F25-26E3-4D2A-B5F0-12642ADAB827}.Debug|x86.ActiveCfg = Debug|Any CPU
		{F3998F25-26E3-4D2A-B5F0-12642ADAB827}.Debug|x86.Build.0 = Debug|Any CPU
		{F3998F25-26E3-4D2A-B5F0-12642ADAB827}.Release|Any CPU.ActiveCfg = Release|Any CPU
		{F3998F25-26E3-4D2A-B5F0-12642ADAB827}.Release|Any CPU.Build.0 = Release|Any CPU
		{F3998F25-26E3-4D2A-B5F0-12642ADAB827}.Release|x64.ActiveCfg = Release|Any CPU
		{F3998F25-26E3-4D2A-B5F0-12642ADAB827}.Release|x64.Build.0 = Release|Any CPU
		{F3998F25-26E3-4D2A-B5F0-12642ADAB827}.Release|x86.ActiveCfg = Release|Any CPU
		{F3998F25-26E3-4D2A-B5F0-12642ADAB827}.Release|x86.Build.0 = Release|Any CPU
		{A58FDDE6-8591-4456-B673-C5F4C701DCF9}.Debug|Any CPU.ActiveCfg = Debug|Any CPU
		{A58FDDE6-8591-4456-B673-C5F4C701DCF9}.Debug|Any CPU.Build.0 = Debug|Any CPU
		{A58FDDE6-8591-4456-B673-C5F4C701DCF9}.Debug|x64.ActiveCfg = Debug|Any CPU
		{A58FDDE6-8591-4456-B673-C5F4C701DCF9}.Debug|x64.Build.0 = Debug|Any CPU
		{A58FDDE6-8591-4456-B673-C5F4C701DCF9}.Debug|x86.ActiveCfg = Debug|Any CPU
		{A58FDDE6-8591-4456-B673-C5F4C701DCF9}.Debug|x86.Build.0 = Debug|Any CPU
		{A58FDDE6-8591-4456-B673-C5F4C701DCF9}.Release|Any CPU.ActiveCfg = Release|Any CPU
		{A58FDDE6-8591-4456-B673-C5F4C701DCF9}.Release|Any CPU.Build.0 = Release|Any CPU
		{A58FDDE6-8591-4456-B673-C5F4C701DCF9}.Release|x64.ActiveCfg = Release|Any CPU
		{A58FDDE6-8591-4456-B673-C5F4C701DCF9}.Release|x64.Build.0 = Release|Any CPU
		{A58FDDE6-8591-4456-B673-C5F4C701DCF9}.Release|x86.ActiveCfg = Release|Any CPU
		{A58FDDE6-8591-4456-B673-C5F4C701DCF9}.Release|x86.Build.0 = Release|Any CPU
		{49B1EA2F-A574-44A6-8739-5690789AE076}.Debug|Any CPU.ActiveCfg = Debug|Any CPU
		{49B1EA2F-A574-44A6-8739-5690789AE076}.Debug|Any CPU.Build.0 = Debug|Any CPU
		{49B1EA2F-A574-44A6-8739-5690789AE076}.Debug|x64.ActiveCfg = Debug|Any CPU
		{49B1EA2F-A574-44A6-8739-5690789AE076}.Debug|x64.Build.0 = Debug|Any CPU
		{49B1EA2F-A574-44A6-8739-5690789AE076}.Debug|x86.ActiveCfg = Debug|Any CPU
		{49B1EA2F-A574-44A6-8739-5690789AE076}.Debug|x86.Build.0 = Debug|Any CPU
		{49B1EA2F-A574-44A6-8739-5690789AE076}.Release|Any CPU.ActiveCfg = Release|Any CPU
		{49B1EA2F-A574-44A6-8739-5690789AE076}.Release|Any CPU.Build.0 = Release|Any CPU
		{49B1EA2F-A574-44A6-8739-5690789AE076}.Release|x64.ActiveCfg = Release|Any CPU
		{49B1EA2F-A574-44A6-8739-5690789AE076}.Release|x64.Build.0 = Release|Any CPU
		{49B1EA2F-A574-44A6-8739-5690789AE076}.Release|x86.ActiveCfg = Release|Any CPU
		{49B1EA2F-A574-44A6-8739-5690789AE076}.Release|x86.Build.0 = Release|Any CPU
		{E5F6A7B8-C9D0-1234-EF01-23456789ABCD}.Debug|Any CPU.ActiveCfg = Debug|Any CPU
		{E5F6A7B8-C9D0-1234-EF01-23456789ABCD}.Debug|Any CPU.Build.0 = Debug|Any CPU
		{E5F6A7B8-C9D0-1234-EF01-23456789ABCD}.Debug|x64.ActiveCfg = Debug|Any CPU
		{E5F6A7B8-C9D0-1234-EF01-23456789ABCD}.Debug|x64.Build.0 = Debug|Any CPU
		{E5F6A7B8-C9D0-1234-EF01-23456789ABCD}.Debug|x86.ActiveCfg = Debug|Any CPU
		{E5F6A7B8-C9D0-1234-EF01-23456789ABCD}.Debug|x86.Build.0 = Debug|Any CPU
		{E5F6A7B8-C9D0-1234-EF01-23456789ABCD}.Release|Any CPU.ActiveCfg = Release|Any CPU
		{E5F6A7B8-C9D0-1234-EF01-23456789ABCD}.Release|Any CPU.Build.0 = Release|Any CPU
		{E5F6A7B8-C9D0-1234-EF01-23456789ABCD}.Release|x64.ActiveCfg = Release|Any CPU
		{E5F6A7B8-C9D0-1234-EF01-23456789ABCD}.Release|x64.Build.0 = Release|Any CPU
		{E5F6A7B8-C9D0-1234-EF01-23456789ABCD}.Release|x86.ActiveCfg = Release|Any CPU
		{E5F6A7B8-C9D0-1234-EF01-23456789ABCD}.Release|x86.Build.0 = Release|Any CPU
	EndGlobalSection
	GlobalSection(SolutionProperties) = preSolution
		HideSolutionNode = FALSE
	EndGlobalSection
	GlobalSection(NestedProjects) = preSolution
		{791E13E4-1F51-4402-A23F-C2ADD42E9751} = {827E0CD3-B72D-47B6-A68D-7590B98EB39B}
		{2CE8B91C-E6B3-4803-976B-E52A2F175327} = {827E0CD3-B72D-47B6-A68D-7590B98EB39B}
		{F3998F25-26E3-4D2A-B5F0-12642ADAB827} = {827E0CD3-B72D-47B6-A68D-7590B98EB39B}
		{A58FDDE6-8591-4456-B673-C5F4C701DCF9} = {827E0CD3-B72D-47B6-A68D-7590B98EB39B}
		{49B1EA2F-A574-44A6-8739-5690789AE076} = {827E0CD3-B72D-47B6-A68D-7590B98EB39B}
		{E5F6A7B8-C9D0-1234-EF01-23456789ABCD} = {D4E5F6A7-B8C9-0123-DEF0-123456789ABC}
	EndGlobalSection
EndGlobal
