
Microsoft Visual Studio Solution File, Format Version 12.00
# Visual Studio Version 17
VisualStudioVersion = 17.0.31903.59
MinimumVisualStudioVersion = 10.0.40219.1
Project("{2150E333-8FDC-42A3-9474-1A3956D46DE8}") = "src", "src", "{827E0CD3-B72D-47B6-A68D-7590B98EB39B}"
EndProject
Project("{FAE04EC0-301F-11D3-BF4B-00C04F79EFBC}") = "Domain", "src\Domain\Domain.csproj", "{1E369B2D-B942-4EEB-A678-3D535DE02F0F}"
EndProject
Project("{FAE04EC0-301F-11D3-BF4B-00C04F79EFBC}") = "Options", "src\Options\Options.csproj", "{C3D23C61-9959-463D-A2B6-C9C4E781FB5A}"
EndProject
Project("{FAE04EC0-301F-11D3-BF4B-00C04F79EFBC}") = "Newsletter.Data", "src\Newsletter.Data\Newsletter.Data.csproj", "{F786FEE5-F21C-4CAF-AE9C-93230B89257D}"
EndProject
Project("{FAE04EC0-301F-11D3-BF4B-00C04F79EFBC}") = "Newsletter.Services", "src\Newsletter.Services\Newsletter.Services.csproj", "{6A6D6D86-ECBB-4374-90B6-2AFDB244DCC4}"
EndProject
Project("{FAE04EC0-301F-11D3-BF4B-00C04F79EFBC}") = "Newsletter.Api", "src\Newsletter.Api\Newsletter.Api.csproj", "{9FAFC694-991D-428C-957E-BC509218A4B4}"
EndProject
Global
	GlobalSection(SolutionConfigurationPlatforms) = preSolution
		Debug|Any CPU = Debug|Any CPU
		Debug|x64 = Debug|x64
		Debug|x86 = Debug|x86
		Release|Any CPU = Release|Any CPU
		Release|x64 = Release|x64
		Release|x86 = Release|x86
	EndGlobalSection
	GlobalSection(ProjectConfigurationPlatforms) = postSolution
		{1E369B2D-B942-4EEB-A678-3D535DE02F0F}.Debug|Any CPU.ActiveCfg = Debug|Any CPU
		{1E369B2D-B942-4EEB-A678-3D535DE02F0F}.Debug|Any CPU.Build.0 = Debug|Any CPU
		{1E369B2D-B942-4EEB-A678-3D535DE02F0F}.Debug|x64.ActiveCfg = Debug|Any CPU
		{1E369B2D-B942-4EEB-A678-3D535DE02F0F}.Debug|x64.Build.0 = Debug|Any CPU
		{1E369B2D-B942-4EEB-A678-3D535DE02F0F}.Debug|x86.ActiveCfg = Debug|Any CPU
		{1E369B2D-B942-4EEB-A678-3D535DE02F0F}.Debug|x86.Build.0 = Debug|Any CPU
		{1E369B2D-B942-4EEB-A678-3D535DE02F0F}.Release|Any CPU.ActiveCfg = Release|Any CPU
		{1E369B2D-B942-4EEB-A678-3D535DE02F0F}.Release|Any CPU.Build.0 = Release|Any CPU
		{1E369B2D-B942-4EEB-A678-3D535DE02F0F}.Release|x64.ActiveCfg = Release|Any CPU
		{1E369B2D-B942-4EEB-A678-3D535DE02F0F}.Release|x64.Build.0 = Release|Any CPU
		{1E369B2D-B942-4EEB-A678-3D535DE02F0F}.Release|x86.ActiveCfg = Release|Any CPU
		{1E369B2D-B942-4EEB-A678-3D535DE02F0F}.Release|x86.Build.0 = Release|Any CPU
		{C3D23C61-9959-463D-A2B6-C9C4E781FB5A}.Debug|Any CPU.ActiveCfg = Debug|Any CPU
		{C3D23C61-9959-463D-A2B6-C9C4E781FB5A}.Debug|Any CPU.Build.0 = Debug|Any CPU
		{C3D23C61-9959-463D-A2B6-C9C4E781FB5A}.Debug|x64.ActiveCfg = Debug|Any CPU
		{C3D23C61-9959-463D-A2B6-C9C4E781FB5A}.Debug|x64.Build.0 = Debug|Any CPU
		{C3D23C61-9959-463D-A2B6-C9C4E781FB5A}.Debug|x86.ActiveCfg = Debug|Any CPU
		{C3D23C61-9959-463D-A2B6-C9C4E781FB5A}.Debug|x86.Build.0 = Debug|Any CPU
		{C3D23C61-9959-463D-A2B6-C9C4E781FB5A}.Release|Any CPU.ActiveCfg = Release|Any CPU
		{C3D23C61-9959-463D-A2B6-C9C4E781FB5A}.Release|Any CPU.Build.0 = Release|Any CPU
		{C3D23C61-9959-463D-A2B6-C9C4E781FB5A}.Release|x64.ActiveCfg = Release|Any CPU
		{C3D23C61-9959-463D-A2B6-C9C4E781FB5A}.Release|x64.Build.0 = Release|Any CPU
		{C3D23C61-9959-463D-A2B6-C9C4E781FB5A}.Release|x86.ActiveCfg = Release|Any CPU
		{C3D23C61-9959-463D-A2B6-C9C4E781FB5A}.Release|x86.Build.0 = Release|Any CPU
		{F786FEE5-F21C-4CAF-AE9C-93230B89257D}.Debug|Any CPU.ActiveCfg = Debug|Any CPU
		{F786FEE5-F21C-4CAF-AE9C-93230B89257D}.Debug|Any CPU.Build.0 = Debug|Any CPU
		{F786FEE5-F21C-4CAF-AE9C-93230B89257D}.Debug|x64.ActiveCfg = Debug|Any CPU
		{F786FEE5-F21C-4CAF-AE9C-93230B89257D}.Debug|x64.Build.0 = Debug|Any CPU
		{F786FEE5-F21C-4CAF-AE9C-93230B89257D}.Debug|x86.ActiveCfg = Debug|Any CPU
		{F786FEE5-F21C-4CAF-AE9C-93230B89257D}.Debug|x86.Build.0 = Debug|Any CPU
		{F786FEE5-F21C-4CAF-AE9C-93230B89257D}.Release|Any CPU.ActiveCfg = Release|Any CPU
		{F786FEE5-F21C-4CAF-AE9C-93230B89257D}.Release|Any CPU.Build.0 = Release|Any CPU
		{F786FEE5-F21C-4CAF-AE9C-93230B89257D}.Release|x64.ActiveCfg = Release|Any CPU
		{F786FEE5-F21C-4CAF-AE9C-93230B89257D}.Release|x64.Build.0 = Release|Any CPU
		{F786FEE5-F21C-4CAF-AE9C-93230B89257D}.Release|x86.ActiveCfg = Release|Any CPU
		{F786FEE5-F21C-4CAF-AE9C-93230B89257D}.Release|x86.Build.0 = Release|Any CPU
		{6A6D6D86-ECBB-4374-90B6-2AFDB244DCC4}.Debug|Any CPU.ActiveCfg = Debug|Any CPU
		{6A6D6D86-ECBB-4374-90B6-2AFDB244DCC4}.Debug|Any CPU.Build.0 = Debug|Any CPU
		{6A6D6D86-ECBB-4374-90B6-2AFDB244DCC4}.Debug|x64.ActiveCfg = Debug|Any CPU
		{6A6D6D86-ECBB-4374-90B6-2AFDB244DCC4}.Debug|x64.Build.0 = Debug|Any CPU
		{6A6D6D86-ECBB-4374-90B6-2AFDB244DCC4}.Debug|x86.ActiveCfg = Debug|Any CPU
		{6A6D6D86-ECBB-4374-90B6-2AFDB244DCC4}.Debug|x86.Build.0 = Debug|Any CPU
		{6A6D6D86-ECBB-4374-90B6-2AFDB244DCC4}.Release|Any CPU.ActiveCfg = Release|Any CPU
		{6A6D6D86-ECBB-4374-90B6-2AFDB244DCC4}.Release|Any CPU.Build.0 = Release|Any CPU
		{6A6D6D86-ECBB-4374-90B6-2AFDB244DCC4}.Release|x64.ActiveCfg = Release|Any CPU
		{6A6D6D86-ECBB-4374-90B6-2AFDB244DCC4}.Release|x64.Build.0 = Release|Any CPU
		{6A6D6D86-ECBB-4374-90B6-2AFDB244DCC4}.Release|x86.ActiveCfg = Release|Any CPU
		{6A6D6D86-ECBB-4374-90B6-2AFDB244DCC4}.Release|x86.Build.0 = Release|Any CPU
		{9FAFC694-991D-428C-957E-BC509218A4B4}.Debug|Any CPU.ActiveCfg = Debug|Any CPU
		{9FAFC694-991D-428C-957E-BC509218A4B4}.Debug|Any CPU.Build.0 = Debug|Any CPU
		{9FAFC694-991D-428C-957E-BC509218A4B4}.Debug|x64.ActiveCfg = Debug|Any CPU
		{9FAFC694-991D-428C-957E-BC509218A4B4}.Debug|x64.Build.0 = Debug|Any CPU
		{9FAFC694-991D-428C-957E-BC509218A4B4}.Debug|x86.ActiveCfg = Debug|Any CPU
		{9FAFC694-991D-428C-957E-BC509218A4B4}.Debug|x86.Build.0 = Debug|Any CPU
		{9FAFC694-991D-428C-957E-BC509218A4B4}.Release|Any CPU.ActiveCfg = Release|Any CPU
		{9FAFC694-991D-428C-957E-BC509218A4B4}.Release|Any CPU.Build.0 = Release|Any CPU
		{9FAFC694-991D-428C-957E-BC509218A4B4}.Release|x64.ActiveCfg = Release|Any CPU
		{9FAFC694-991D-428C-957E-BC509218A4B4}.Release|x64.Build.0 = Release|Any CPU
		{9FAFC694-991D-428C-957E-BC509218A4B4}.Release|x86.ActiveCfg = Release|Any CPU
		{9FAFC694-991D-428C-957E-BC509218A4B4}.Release|x86.Build.0 = Release|Any CPU
	EndGlobalSection
	GlobalSection(SolutionProperties) = preSolution
		HideSolutionNode = FALSE
	EndGlobalSection
	GlobalSection(NestedProjects) = preSolution
		{1E369B2D-B942-4EEB-A678-3D535DE02F0F} = {827E0CD3-B72D-47B6-A68D-7590B98EB39B}
		{C3D23C61-9959-463D-A2B6-C9C4E781FB5A} = {827E0CD3-B72D-47B6-A68D-7590B98EB39B}
		{F786FEE5-F21C-4CAF-AE9C-93230B89257D} = {827E0CD3-B72D-47B6-A68D-7590B98EB39B}
		{6A6D6D86-ECBB-4374-90B6-2AFDB244DCC4} = {827E0CD3-B72D-47B6-A68D-7590B98EB39B}
		{9FAFC694-991D-428C-957E-BC509218A4B4} = {827E0CD3-B72D-47B6-A68D-7590B98EB39B}
	EndGlobalSection
EndGlobal
